
Microsoft Visual Studio Solution File, Format Version 12.00
# Visual Studio Version 17
VisualStudioVersion = 17.4.33103.184
MinimumVisualStudioVersion = 10.0.40219.1
Project("{9A19103F-16F7-4668-BE54-9A1E7A4F7556}") = "DiplomApplication", "DiplomApplication\DiplomApplication.csproj", "{7058053F-B911-4BEC-9A72-EAA6BDDF91CA}"
EndProject
Project("{9A19103F-16F7-4668-BE54-9A1E7A4F7556}") = "DiplomApp.Data", "DiplomApp.Data\DiplomApp.Data.csproj", "{35C8D976-477B-4D37-B612-0250185F2FA4}"
EndProject
Global
	GlobalSection(SolutionConfigurationPlatforms) = preSolution
		Debug|Any CPU = Debug|Any CPU
		Release|Any CPU = Release|Any CPU
	EndGlobalSection
	GlobalSection(ProjectConfigurationPlatforms) = postSolution
		{7058053F-B911-4BEC-9A72-EAA6BDDF91CA}.Debug|Any CPU.ActiveCfg = Debug|Any CPU
		{7058053F-B911-4BEC-9A72-EAA6BDDF91CA}.Debug|Any CPU.Build.0 = Debug|Any CPU
		{7058053F-B911-4BEC-9A72-EAA6BDDF91CA}.Release|Any CPU.ActiveCfg = Release|Any CPU
		{7058053F-B911-4BEC-9A72-EAA6BDDF91CA}.Release|Any CPU.Build.0 = Release|Any CPU
		{35C8D976-477B-4D37-B612-0250185F2FA4}.Debug|Any CPU.ActiveCfg = Debug|Any CPU
		{35C8D976-477B-4D37-B612-0250185F2FA4}.Debug|Any CPU.Build.0 = Debug|Any CPU
		{35C8D976-477B-4D37-B612-0250185F2FA4}.Release|Any CPU.ActiveCfg = Release|Any CPU
		{35C8D976-477B-4D37-B612-0250185F2FA4}.Release|Any CPU.Build.0 = Release|Any CPU
	EndGlobalSection
	GlobalSection(SolutionProperties) = preSolution
		HideSolutionNode = FALSE
	EndGlobalSection
	GlobalSection(ExtensibilityGlobals) = postSolution
		SolutionGuid = {7C1F25DE-31BE-4524-B11B-5B6AFEC139F7}
	EndGlobalSection
EndGlobal
